
Microsoft Visual Studio Solution File, Format Version 12.00
# Visual Studio 15
VisualStudioVersion = 15.0.28307.645
MinimumVisualStudioVersion = 10.0.40219.1
Project("{FAE04EC0-301F-11D3-BF4B-00C04F79EFBC}") = "NumberGuesser", "NumberGuesser.csproj", "{2D004031-FFB7-4F65-BE33-7224F3CF9E6D}"
EndProject
Global
	GlobalSection(SolutionConfigurationPlatforms) = preSolution
		Debug|Any CPU = Debug|Any CPU
		Release|Any CPU = Release|Any CPU
	EndGlobalSection
	GlobalSection(ProjectConfigurationPlatforms) = postSolution
		{2D004031-FFB7-4F65-BE33-7224F3CF9E6D}.Debug|Any CPU.ActiveCfg = Debug|Any CPU
		{2D004031-FFB7-4F65-BE33-7224F3CF9E6D}.Debug|Any CPU.Build.0 = Debug|Any CPU
		{2D004031-FFB7-4F65-BE33-7224F3CF9E6D}.Release|Any CPU.ActiveCfg = Release|Any CPU
		{2D004031-FFB7-4F65-BE33-7224F3CF9E6D}.Release|Any CPU.Build.0 = Release|Any CPU
	EndGlobalSection
	GlobalSection(SolutionProperties) = preSolution
		HideSolutionNode = FALSE
	EndGlobalSection
	GlobalSection(ExtensibilityGlobals) = postSolution
		SolutionGuid = {C2C95A4D-28F4-4344-82C0-C77A98CFF30F}
	EndGlobalSection
EndGlobal
